// !$*UTF8*$!
{
	archiveVersion = 1;
	classes = {
	};
	objectVersion = 46;
	objects = {

/* Begin PBXBuildFile section */
		160D757418F392860074FC0C /* mipsimTests.cpp in Sources */ = {isa = PBXBuildFile; fileRef = 160D757218F392860074FC0C /* mipsimTests.cpp */; };
		160D757718F3945C0074FC0C /* mipSimPerformance.cpp in Sources */ = {isa = PBXBuildFile; fileRef = 160D757518F3945C0074FC0C /* mipSimPerformance.cpp */; };
		164917001924F8BD00214D83 /* cmdLineOption.cpp in Sources */ = {isa = PBXBuildFile; fileRef = 164916FE1924F8BD00214D83 /* cmdLineOption.cpp */; };
		1666FACA18E7AF9500CC03F8 /* main.cpp in Sources */ = {isa = PBXBuildFile; fileRef = 1666FAC918E7AF9500CC03F8 /* main.cpp */; };
		1666FACC18E7AF9500CC03F8 /* mipsim.1 in CopyFiles */ = {isa = PBXBuildFile; fileRef = 1666FACB18E7AF9500CC03F8 /* mipsim.1 */; };
		1666FAD418E7AFAE00CC03F8 /* memorySystem.cpp in Sources */ = {isa = PBXBuildFile; fileRef = 1666FAD218E7AFAE00CC03F8 /* memorySystem.cpp */; };
		1666FAD718E7AFF600CC03F8 /* mipsInterpreter.cpp in Sources */ = {isa = PBXBuildFile; fileRef = 1666FAD518E7AFF600CC03F8 /* mipsInterpreter.cpp */; };
		1666FADE18E7D3D300CC03F8 /* mipsInstructionDef.cpp in Sources */ = {isa = PBXBuildFile; fileRef = 1666FADC18E7D3D300CC03F8 /* mipsInstructionDef.cpp */; };
		1666FAE118E7DA9800CC03F8 /* mipsInstructionFunctions.cpp in Sources */ = {isa = PBXBuildFile; fileRef = 1666FADF18E7DA9800CC03F8 /* mipsInstructionFunctions.cpp */; };
		1666FAE418E7E05000CC03F8 /* mipsInterpreterCore.cpp in Sources */ = {isa = PBXBuildFile; fileRef = 1666FAE218E7E05000CC03F8 /* mipsInterpreterCore.cpp */; };
		1666FAE718E7E10200CC03F8 /* memorySystemGeneric.cpp in Sources */ = {isa = PBXBuildFile; fileRef = 1666FAE518E7E10200CC03F8 /* memorySystemGeneric.cpp */; };
		1676F842192B79E700B3B72C /* wordTransfer.cpp in Sources */ = {isa = PBXBuildFile; fileRef = 1676F840192B79E700B3B72C /* wordTransfer.cpp */; };
		1676F848192B90E800B3B72C /* cacheFlex.cpp in Sources */ = {isa = PBXBuildFile; fileRef = 1676F846192B90E800B3B72C /* cacheFlex.cpp */; };
		1676F84B192B94A700B3B72C /* cacheBlock.cpp in Sources */ = {isa = PBXBuildFile; fileRef = 1676F849192B94A600B3B72C /* cacheBlock.cpp */; };
		167E452818E9127B00A00AA3 /* patternMatchers.cpp in Sources */ = {isa = PBXBuildFile; fileRef = 167E452618E9127B00A00AA3 /* patternMatchers.cpp */; };
		16B681C31928B4DD0040DBF2 /* cacheGeneric.cpp in Sources */ = {isa = PBXBuildFile; fileRef = 16B681C11928B4DD0040DBF2 /* cacheGeneric.cpp */; };
/* End PBXBuildFile section */

/* Begin PBXCopyFilesBuildPhase section */
		1666FAC418E7AF9500CC03F8 /* CopyFiles */ = {
			isa = PBXCopyFilesBuildPhase;
			buildActionMask = 2147483647;
			dstPath = /usr/share/man/man1/;
			dstSubfolderSpec = 0;
			files = (
				1666FACC18E7AF9500CC03F8 /* mipsim.1 in CopyFiles */,
			);
			runOnlyForDeploymentPostprocessing = 1;
		};
/* End PBXCopyFilesBuildPhase section */

/* Begin PBXFileReference section */
		160D757218F392860074FC0C /* mipsimTests.cpp */ = {isa = PBXFileReference; fileEncoding = 4; lastKnownFileType = sourcecode.cpp.cpp; path = mipsimTests.cpp; sourceTree = "<group>"; };
		160D757318F392860074FC0C /* mipsimTests.h */ = {isa = PBXFileReference; fileEncoding = 4; lastKnownFileType = sourcecode.c.h; path = mipsimTests.h; sourceTree = "<group>"; };
		160D757518F3945C0074FC0C /* mipSimPerformance.cpp */ = {isa = PBXFileReference; fileEncoding = 4; lastKnownFileType = sourcecode.cpp.cpp; path = mipSimPerformance.cpp; sourceTree = "<group>"; };
		160D757618F3945C0074FC0C /* mipSimPerformance.h */ = {isa = PBXFileReference; fileEncoding = 4; lastKnownFileType = sourcecode.c.h; path = mipSimPerformance.h; sourceTree = "<group>"; };
		164916FE1924F8BD00214D83 /* cmdLineOption.cpp */ = {isa = PBXFileReference; fileEncoding = 4; lastKnownFileType = sourcecode.cpp.cpp; path = cmdLineOption.cpp; sourceTree = "<group>"; };
		164916FF1924F8BD00214D83 /* cmdLineOption.h */ = {isa = PBXFileReference; fileEncoding = 4; lastKnownFileType = sourcecode.c.h; path = cmdLineOption.h; sourceTree = "<group>"; };
		1666FAC618E7AF9500CC03F8 /* mipsim */ = {isa = PBXFileReference; explicitFileType = "compiled.mach-o.executable"; includeInIndex = 0; path = mipsim; sourceTree = BUILT_PRODUCTS_DIR; };
		1666FAC918E7AF9500CC03F8 /* main.cpp */ = {isa = PBXFileReference; lastKnownFileType = sourcecode.cpp.cpp; path = main.cpp; sourceTree = "<group>"; };
		1666FACB18E7AF9500CC03F8 /* mipsim.1 */ = {isa = PBXFileReference; lastKnownFileType = text.man; path = mipsim.1; sourceTree = "<group>"; };
		1666FAD218E7AFAE00CC03F8 /* memorySystem.cpp */ = {isa = PBXFileReference; fileEncoding = 4; lastKnownFileType = sourcecode.cpp.cpp; path = memorySystem.cpp; sourceTree = "<group>"; };
		1666FAD318E7AFAE00CC03F8 /* memorySystem.h */ = {isa = PBXFileReference; fileEncoding = 4; lastKnownFileType = sourcecode.c.h; path = memorySystem.h; sourceTree = "<group>"; };
		1666FAD518E7AFF600CC03F8 /* mipsInterpreter.cpp */ = {isa = PBXFileReference; fileEncoding = 4; lastKnownFileType = sourcecode.cpp.cpp; path = mipsInterpreter.cpp; sourceTree = "<group>"; };
		1666FAD618E7AFF600CC03F8 /* mipsInterpreter.h */ = {isa = PBXFileReference; fileEncoding = 4; lastKnownFileType = sourcecode.c.h; path = mipsInterpreter.h; sourceTree = "<group>"; };
		1666FADB18E7CFC900CC03F8 /* mipsTypes.h */ = {isa = PBXFileReference; lastKnownFileType = sourcecode.c.h; path = mipsTypes.h; sourceTree = "<group>"; };
		1666FADC18E7D3D300CC03F8 /* mipsInstructionDef.cpp */ = {isa = PBXFileReference; fileEncoding = 4; lastKnownFileType = sourcecode.cpp.cpp; path = mipsInstructionDef.cpp; sourceTree = "<group>"; };
		1666FADD18E7D3D300CC03F8 /* mipsInstructionDef.h */ = {isa = PBXFileReference; fileEncoding = 4; lastKnownFileType = sourcecode.c.h; path = mipsInstructionDef.h; sourceTree = "<group>"; };
		1666FADF18E7DA9800CC03F8 /* mipsInstructionFunctions.cpp */ = {isa = PBXFileReference; fileEncoding = 4; lastKnownFileType = sourcecode.cpp.cpp; path = mipsInstructionFunctions.cpp; sourceTree = "<group>"; };
		1666FAE018E7DA9800CC03F8 /* mipsInstructionFunctions.h */ = {isa = PBXFileReference; fileEncoding = 4; lastKnownFileType = sourcecode.c.h; path = mipsInstructionFunctions.h; sourceTree = "<group>"; };
		1666FAE218E7E05000CC03F8 /* mipsInterpreterCore.cpp */ = {isa = PBXFileReference; fileEncoding = 4; lastKnownFileType = sourcecode.cpp.cpp; path = mipsInterpreterCore.cpp; sourceTree = "<group>"; };
		1666FAE318E7E05000CC03F8 /* mipsInterpreterCore.h */ = {isa = PBXFileReference; fileEncoding = 4; lastKnownFileType = sourcecode.c.h; path = mipsInterpreterCore.h; sourceTree = "<group>"; };
		1666FAE518E7E10200CC03F8 /* memorySystemGeneric.cpp */ = {isa = PBXFileReference; fileEncoding = 4; lastKnownFileType = sourcecode.cpp.cpp; path = memorySystemGeneric.cpp; sourceTree = "<group>"; };
		1666FAE618E7E10200CC03F8 /* memorySystemGeneric.h */ = {isa = PBXFileReference; fileEncoding = 4; lastKnownFileType = sourcecode.c.h; path = memorySystemGeneric.h; sourceTree = "<group>"; };
		1676F840192B79E700B3B72C /* wordTransfer.cpp */ = {isa = PBXFileReference; fileEncoding = 4; lastKnownFileType = sourcecode.cpp.cpp; path = wordTransfer.cpp; sourceTree = "<group>"; };
		1676F841192B79E700B3B72C /* wordTransfer.h */ = {isa = PBXFileReference; fileEncoding = 4; lastKnownFileType = sourcecode.c.h; path = wordTransfer.h; sourceTree = "<group>"; };
		1676F846192B90E800B3B72C /* cacheFlex.cpp */ = {isa = PBXFileReference; fileEncoding = 4; lastKnownFileType = sourcecode.cpp.cpp; path = cacheFlex.cpp; sourceTree = "<group>"; };
		1676F847192B90E800B3B72C /* cacheFlex.h */ = {isa = PBXFileReference; fileEncoding = 4; lastKnownFileType = sourcecode.c.h; path = cacheFlex.h; sourceTree = "<group>"; };
		1676F849192B94A600B3B72C /* cacheBlock.cpp */ = {isa = PBXFileReference; fileEncoding = 4; lastKnownFileType = sourcecode.cpp.cpp; path = cacheBlock.cpp; sourceTree = "<group>"; };
		1676F84A192B94A700B3B72C /* cacheBlock.h */ = {isa = PBXFileReference; fileEncoding = 4; lastKnownFileType = sourcecode.c.h; path = cacheBlock.h; sourceTree = "<group>"; };
		167E452618E9127B00A00AA3 /* patternMatchers.cpp */ = {isa = PBXFileReference; fileEncoding = 4; lastKnownFileType = sourcecode.cpp.cpp; path = patternMatchers.cpp; sourceTree = "<group>"; };
		167E452718E9127B00A00AA3 /* patternMatchers.h */ = {isa = PBXFileReference; fileEncoding = 4; lastKnownFileType = sourcecode.c.h; path = patternMatchers.h; sourceTree = "<group>"; };
		16B681C11928B4DD0040DBF2 /* cacheGeneric.cpp */ = {isa = PBXFileReference; fileEncoding = 4; lastKnownFileType = sourcecode.cpp.cpp; path = cacheGeneric.cpp; sourceTree = "<group>"; };
		16B681C21928B4DD0040DBF2 /* cacheGeneric.h */ = {isa = PBXFileReference; fileEncoding = 4; lastKnownFileType = sourcecode.c.h; path = cacheGeneric.h; sourceTree = "<group>"; };
/* End PBXFileReference section */

/* Begin PBXFrameworksBuildPhase section */
		1666FAC318E7AF9500CC03F8 /* Frameworks */ = {
			isa = PBXFrameworksBuildPhase;
			buildActionMask = 2147483647;
			files = (
			);
			runOnlyForDeploymentPostprocessing = 0;
		};
/* End PBXFrameworksBuildPhase section */

/* Begin PBXGroup section */
		1666FABD18E7AF9500CC03F8 = {
			isa = PBXGroup;
			children = (
				1666FAC818E7AF9500CC03F8 /* mipsim */,
				1666FAC718E7AF9500CC03F8 /* Products */,
			);
			sourceTree = "<group>";
		};
		1666FAC718E7AF9500CC03F8 /* Products */ = {
			isa = PBXGroup;
			children = (
				1666FAC618E7AF9500CC03F8 /* mipsim */,
			);
			name = Products;
			sourceTree = "<group>";
		};
		1666FAC818E7AF9500CC03F8 /* mipsim */ = {
			isa = PBXGroup;
			children = (
				1666FAC918E7AF9500CC03F8 /* main.cpp */,
				164916FE1924F8BD00214D83 /* cmdLineOption.cpp */,
				164916FF1924F8BD00214D83 /* cmdLineOption.h */,
				160D757218F392860074FC0C /* mipsimTests.cpp */,
				160D757318F392860074FC0C /* mipsimTests.h */,
				160D757518F3945C0074FC0C /* mipSimPerformance.cpp */,
				160D757618F3945C0074FC0C /* mipSimPerformance.h */,
				167E452618E9127B00A00AA3 /* patternMatchers.cpp */,
				167E452718E9127B00A00AA3 /* patternMatchers.h */,
				1676F840192B79E700B3B72C /* wordTransfer.cpp */,
				1676F841192B79E700B3B72C /* wordTransfer.h */,
				1666FAE518E7E10200CC03F8 /* memorySystemGeneric.cpp */,
				1666FAE618E7E10200CC03F8 /* memorySystemGeneric.h */,
				1666FAD218E7AFAE00CC03F8 /* memorySystem.cpp */,
				1666FAD318E7AFAE00CC03F8 /* memorySystem.h */,
				16B681C11928B4DD0040DBF2 /* cacheGeneric.cpp */,
				16B681C21928B4DD0040DBF2 /* cacheGeneric.h */,
				1676F846192B90E800B3B72C /* cacheFlex.cpp */,
				1676F847192B90E800B3B72C /* cacheFlex.h */,
				1676F849192B94A600B3B72C /* cacheBlock.cpp */,
				1676F84A192B94A700B3B72C /* cacheBlock.h */,
				1666FAD518E7AFF600CC03F8 /* mipsInterpreter.cpp */,
				1666FAD618E7AFF600CC03F8 /* mipsInterpreter.h */,
				1666FAE218E7E05000CC03F8 /* mipsInterpreterCore.cpp */,
				1666FAE318E7E05000CC03F8 /* mipsInterpreterCore.h */,
				1666FADC18E7D3D300CC03F8 /* mipsInstructionDef.cpp */,
				1666FADD18E7D3D300CC03F8 /* mipsInstructionDef.h */,
				1666FADF18E7DA9800CC03F8 /* mipsInstructionFunctions.cpp */,
				1666FAE018E7DA9800CC03F8 /* mipsInstructionFunctions.h */,
				1666FADB18E7CFC900CC03F8 /* mipsTypes.h */,
				1666FACB18E7AF9500CC03F8 /* mipsim.1 */,
			);
			path = mipsim;
			sourceTree = "<group>";
		};
/* End PBXGroup section */

/* Begin PBXNativeTarget section */
		1666FAC518E7AF9500CC03F8 /* mipsim */ = {
			isa = PBXNativeTarget;
			buildConfigurationList = 1666FACF18E7AF9500CC03F8 /* Build configuration list for PBXNativeTarget "mipsim" */;
			buildPhases = (
				1666FAC218E7AF9500CC03F8 /* Sources */,
				1666FAC318E7AF9500CC03F8 /* Frameworks */,
				1666FAC418E7AF9500CC03F8 /* CopyFiles */,
			);
			buildRules = (
			);
			dependencies = (
			);
			name = mipsim;
			productName = mipsim;
			productReference = 1666FAC618E7AF9500CC03F8 /* mipsim */;
			productType = "com.apple.product-type.tool";
		};
/* End PBXNativeTarget section */

/* Begin PBXProject section */
		1666FABE18E7AF9500CC03F8 /* Project object */ = {
			isa = PBXProject;
			attributes = {
				LastUpgradeCheck = 0500;
				ORGANIZATIONNAME = Jacob;
			};
			buildConfigurationList = 1666FAC118E7AF9500CC03F8 /* Build configuration list for PBXProject "mipsim" */;
			compatibilityVersion = "Xcode 3.2";
			developmentRegion = English;
			hasScannedForEncodings = 0;
			knownRegions = (
				en,
			);
			mainGroup = 1666FABD18E7AF9500CC03F8;
			productRefGroup = 1666FAC718E7AF9500CC03F8 /* Products */;
			projectDirPath = "";
			projectRoot = "";
			targets = (
				1666FAC518E7AF9500CC03F8 /* mipsim */,
			);
		};
/* End PBXProject section */

/* Begin PBXSourcesBuildPhase section */
		1666FAC218E7AF9500CC03F8 /* Sources */ = {
			isa = PBXSourcesBuildPhase;
			buildActionMask = 2147483647;
			files = (
				160D757718F3945C0074FC0C /* mipSimPerformance.cpp in Sources */,
				1676F848192B90E800B3B72C /* cacheFlex.cpp in Sources */,
				1666FAE718E7E10200CC03F8 /* memorySystemGeneric.cpp in Sources */,
				16B681C31928B4DD0040DBF2 /* cacheGeneric.cpp in Sources */,
				167E452818E9127B00A00AA3 /* patternMatchers.cpp in Sources */,
				164917001924F8BD00214D83 /* cmdLineOption.cpp in Sources */,
				1666FAE418E7E05000CC03F8 /* mipsInterpreterCore.cpp in Sources */,
				1676F84B192B94A700B3B72C /* cacheBlock.cpp in Sources */,
				1666FACA18E7AF9500CC03F8 /* main.cpp in Sources */,
				1676F842192B79E700B3B72C /* wordTransfer.cpp in Sources */,
				1666FADE18E7D3D300CC03F8 /* mipsInstructionDef.cpp in Sources */,
				160D757418F392860074FC0C /* mipsimTests.cpp in Sources */,
				1666FAD718E7AFF600CC03F8 /* mipsInterpreter.cpp in Sources */,
				1666FAD418E7AFAE00CC03F8 /* memorySystem.cpp in Sources */,
				1666FAE118E7DA9800CC03F8 /* mipsInstructionFunctions.cpp in Sources */,
			);
			runOnlyForDeploymentPostprocessing = 0;
		};
/* End PBXSourcesBuildPhase section */

/* Begin XCBuildConfiguration section */
		1666FACD18E7AF9500CC03F8 /* Debug */ = {
			isa = XCBuildConfiguration;
			buildSettings = {
				ALWAYS_SEARCH_USER_PATHS = NO;
				CLANG_CXX_LANGUAGE_STANDARD = "gnu++0x";
				CLANG_CXX_LIBRARY = "libc++";
				CLANG_ENABLE_OBJC_ARC = YES;
				CLANG_WARN_BOOL_CONVERSION = YES;
				CLANG_WARN_CONSTANT_CONVERSION = YES;
				CLANG_WARN_DIRECT_OBJC_ISA_USAGE = YES_ERROR;
				CLANG_WARN_EMPTY_BODY = YES;
				CLANG_WARN_ENUM_CONVERSION = YES;
				CLANG_WARN_INT_CONVERSION = YES;
				CLANG_WARN_OBJC_ROOT_CLASS = YES_ERROR;
				CLANG_WARN__DUPLICATE_METHOD_MATCH = YES;
				COPY_PHASE_STRIP = NO;
				GCC_C_LANGUAGE_STANDARD = gnu99;
				GCC_DYNAMIC_NO_PIC = NO;
				GCC_ENABLE_OBJC_EXCEPTIONS = YES;
				GCC_OPTIMIZATION_LEVEL = 0;
				GCC_PREPROCESSOR_DEFINITIONS = (
					"DEBUG=1",
					"$(inherited)",
				);
				GCC_SYMBOLS_PRIVATE_EXTERN = NO;
				GCC_WARN_64_TO_32_BIT_CONVERSION = YES;
				GCC_WARN_ABOUT_RETURN_TYPE = YES_ERROR;
				GCC_WARN_UNDECLARED_SELECTOR = YES;
				GCC_WARN_UNINITIALIZED_AUTOS = YES;
				GCC_WARN_UNUSED_FUNCTION = YES;
				GCC_WARN_UNUSED_VARIABLE = YES;
				MACOSX_DEPLOYMENT_TARGET = 10.9;
				ONLY_ACTIVE_ARCH = YES;
				SDKROOT = macosx;
			};
			name = Debug;
		};
		1666FACE18E7AF9500CC03F8 /* Release */ = {
			isa = XCBuildConfiguration;
			buildSettings = {
				ALWAYS_SEARCH_USER_PATHS = NO;
				CLANG_CXX_LANGUAGE_STANDARD = "gnu++0x";
				CLANG_CXX_LIBRARY = "libc++";
				CLANG_ENABLE_OBJC_ARC = YES;
				CLANG_WARN_BOOL_CONVERSION = YES;
				CLANG_WARN_CONSTANT_CONVERSION = YES;
				CLANG_WARN_DIRECT_OBJC_ISA_USAGE = YES_ERROR;
				CLANG_WARN_EMPTY_BODY = YES;
				CLANG_WARN_ENUM_CONVERSION = YES;
				CLANG_WARN_INT_CONVERSION = YES;
				CLANG_WARN_OBJC_ROOT_CLASS = YES_ERROR;
				CLANG_WARN__DUPLICATE_METHOD_MATCH = YES;
				COPY_PHASE_STRIP = YES;
				DEBUG_INFORMATION_FORMAT = "dwarf-with-dsym";
				ENABLE_NS_ASSERTIONS = NO;
				GCC_C_LANGUAGE_STANDARD = gnu99;
				GCC_ENABLE_OBJC_EXCEPTIONS = YES;
				GCC_WARN_64_TO_32_BIT_CONVERSION = YES;
				GCC_WARN_ABOUT_RETURN_TYPE = YES_ERROR;
				GCC_WARN_UNDECLARED_SELECTOR = YES;
				GCC_WARN_UNINITIALIZED_AUTOS = YES;
				GCC_WARN_UNUSED_FUNCTION = YES;
				GCC_WARN_UNUSED_VARIABLE = YES;
				MACOSX_DEPLOYMENT_TARGET = 10.9;
				SDKROOT = macosx;
			};
			name = Release;
		};
		1666FAD018E7AF9500CC03F8 /* Debug */ = {
			isa = XCBuildConfiguration;
			buildSettings = {
				GCC_OPTIMIZATION_LEVEL = 3;
				PRODUCT_NAME = "$(TARGET_NAME)";
				SYMROOT = "/../ca_20/Users/Jacob/Documents/Uni 2014/CA/Assignment 1/ca_2014_s1_test";
			};
			name = Debug;
		};
		1666FAD118E7AF9500CC03F8 /* Release */ = {
			isa = XCBuildConfiguration;
			buildSettings = {
				GCC_OPTIMIZATION_LEVEL = 3;
				PRODUCT_NAME = "$(TARGET_NAME)";
				SYMROOT = "/../ca_20/Users/Jacob/Documents/Uni 2014/CA/Assignment 1/ca_2014_s1_test";
			};
			name = Release;
		};
/* End XCBuildConfiguration section */

/* Begin XCConfigurationList section */
		1666FAC118E7AF9500CC03F8 /* Build configuration list for PBXProject "mipsim" */ = {
			isa = XCConfigurationList;
			buildConfigurations = (
				1666FACD18E7AF9500CC03F8 /* Debug */,
				1666FACE18E7AF9500CC03F8 /* Release */,
			);
			defaultConfigurationIsVisible = 0;
			defaultConfigurationName = Release;
		};
		1666FACF18E7AF9500CC03F8 /* Build configuration list for PBXNativeTarget "mipsim" */ = {
			isa = XCConfigurationList;
			buildConfigurations = (
				1666FAD018E7AF9500CC03F8 /* Debug */,
				1666FAD118E7AF9500CC03F8 /* Release */,
			);
			defaultConfigurationIsVisible = 0;
			defaultConfigurationName = Release;
		};
/* End XCConfigurationList section */
	};
	rootObject = 1666FABE18E7AF9500CC03F8 /* Project object */;
}
